
Microsoft Visual Studio Solution File, Format Version 12.00
# Visual Studio 14
VisualStudioVersion = 14.0.24720.0
MinimumVisualStudioVersion = 10.0.40219.1
Project("{2150E333-8FDC-42A3-9474-1A3956D46DE8}") = "TargetNavigationMB", "TargetNavigationMB", "{7638AF42-6386-4DF8-A2BC-77D839A2C7C0}"
EndProject
Project("{FAE04EC0-301F-11D3-BF4B-00C04F79EFBC}") = "MB.BLL", "MB.BLL\MB.BLL.csproj", "{5E320338-5758-4E3B-86E8-68A2638C8306}"
EndProject
Project("{FAE04EC0-301F-11D3-BF4B-00C04F79EFBC}") = "MB.DAL", "MB.DAL\MB.DAL.csproj", "{6ECA3284-3B89-4D98-B3BA-30EB27D73B05}"
EndProject
Project("{FAE04EC0-301F-11D3-BF4B-00C04F79EFBC}") = "MB.Common", "MB.Common\MB.Common.csproj", "{E13AB5A6-642C-4DF9-8416-5FAF4D2B0FA9}"
EndProject
Project("{FAE04EC0-301F-11D3-BF4B-00C04F79EFBC}") = "MB.Model", "MB.Model\MB.Model.csproj", "{99F97592-E4E2-45C9-8344-75BDF0089EA4}"
EndProject
Project("{FAE04EC0-301F-11D3-BF4B-00C04F79EFBC}") = "MB.BLL.Test", "MB.BLL.Test\MB.BLL.Test.csproj", "{48E5A1A0-FBB7-4F35-A10F-3F63BD79F871}"
EndProject
Project("{2150E333-8FDC-42A3-9474-1A3956D46DE8}") = "TargetNavigationFW", "TargetNavigationFW", "{CC99CEE6-6FA0-4B6B-9C9E-86F08552554E}"
EndProject
Project("{FAE04EC0-301F-11D3-BF4B-00C04F79EFBC}") = "FW.IMService", "TargetNavigationFW\FW.IMService\FW.IMService.csproj", "{475289B6-6CBB-448A-831D-8E06080A0227}"
EndProject
Project("{FAE04EC0-301F-11D3-BF4B-00C04F79EFBC}") = "FW.MBService", "TargetNavigationFW\FW.MBService\FW.MBService.csproj", "{2396790A-F485-4A50-AC71-348FC43C168E}"
EndProject
Project("{2150E333-8FDC-42A3-9474-1A3956D46DE8}") = "TargetNavigationBatch", "TargetNavigationBatch", "{5D0DBB39-F7C3-4303-BE07-E634F8B01FCE}"
EndProject
Project("{FAE04EC0-301F-11D3-BF4B-00C04F79EFBC}") = "Batch.MBService", "TargetNavigationBatch\Batch.MBService\Batch.MBService.csproj", "{2EA694C4-65D1-48B8-9DB5-86A6B9D553CD}"
EndProject
Project("{FAE04EC0-301F-11D3-BF4B-00C04F79EFBC}") = "MB.Web", "MB.Web\MB.Web.csproj", "{266F4D9F-02A1-4691-A2EB-32CDC7EA3AEB}"
EndProject
Project("{FAE04EC0-301F-11D3-BF4B-00C04F79EFBC}") = "MB.New.Common", "MB.New.Common\MB.New.Common.csproj", "{0FAC51D6-A678-439B-B9FE-A4225FB7EB68}"
EndProject
Project("{FAE04EC0-301F-11D3-BF4B-00C04F79EFBC}") = "FW.TaskRemindService", "TargetNavigationFW\FW.TaskRemindService\FW.TaskRemindService.csproj", "{797A27C1-0CB4-456B-82AE-25371E60A4EA}"
EndProject
Project("{FAE04EC0-301F-11D3-BF4B-00C04F79EFBC}") = "MB.Client", "MB.Client\MB.Client.csproj", "{83DB86D3-0CED-443A-98A2-67D3DBDF922E}"
EndProject
Project("{FAE04EC0-301F-11D3-BF4B-00C04F79EFBC}") = "MB.Facade", "MB.Facade\MB.Facade.csproj", "{D37DCEB6-0625-445E-8164-936947ECEB55}"
EndProject
Project("{FAE04EC0-301F-11D3-BF4B-00C04F79EFBC}") = "MB.New.BLL", "MB.New.BLL\MB.New.BLL.csproj", "{4400F659-6D68-403F-B15A-4871EBB10E74}"
EndProject
Project("{FAE04EC0-301F-11D3-BF4B-00C04F79EFBC}") = "MB.New.Model", "MB.New.Model\MB.New.Model.csproj", "{8C217773-70AE-4F4F-A13D-D33153BDE275}"
EndProject
Global
	GlobalSection(SubversionScc) = preSolution
		Svn-Managed = True
		Manager = AnkhSVN - Subversion Support for Visual Studio
	EndGlobalSection
	GlobalSection(SolutionConfigurationPlatforms) = preSolution
		Debug|Any CPU = Debug|Any CPU
		Release|Any CPU = Release|Any CPU
	EndGlobalSection
	GlobalSection(ProjectConfigurationPlatforms) = postSolution
		{5E320338-5758-4E3B-86E8-68A2638C8306}.Debug|Any CPU.ActiveCfg = Debug|Any CPU
		{5E320338-5758-4E3B-86E8-68A2638C8306}.Debug|Any CPU.Build.0 = Debug|Any CPU
		{5E320338-5758-4E3B-86E8-68A2638C8306}.Release|Any CPU.ActiveCfg = Release|Any CPU
		{5E320338-5758-4E3B-86E8-68A2638C8306}.Release|Any CPU.Build.0 = Release|Any CPU
		{6ECA3284-3B89-4D98-B3BA-30EB27D73B05}.Debug|Any CPU.ActiveCfg = Debug|Any CPU
		{6ECA3284-3B89-4D98-B3BA-30EB27D73B05}.Debug|Any CPU.Build.0 = Debug|Any CPU
		{6ECA3284-3B89-4D98-B3BA-30EB27D73B05}.Release|Any CPU.ActiveCfg = Release|Any CPU
		{6ECA3284-3B89-4D98-B3BA-30EB27D73B05}.Release|Any CPU.Build.0 = Release|Any CPU
		{E13AB5A6-642C-4DF9-8416-5FAF4D2B0FA9}.Debug|Any CPU.ActiveCfg = Debug|Any CPU
		{E13AB5A6-642C-4DF9-8416-5FAF4D2B0FA9}.Debug|Any CPU.Build.0 = Debug|Any CPU
		{E13AB5A6-642C-4DF9-8416-5FAF4D2B0FA9}.Release|Any CPU.ActiveCfg = Release|Any CPU
		{E13AB5A6-642C-4DF9-8416-5FAF4D2B0FA9}.Release|Any CPU.Build.0 = Release|Any CPU
		{99F97592-E4E2-45C9-8344-75BDF0089EA4}.Debug|Any CPU.ActiveCfg = Debug|Any CPU
		{99F97592-E4E2-45C9-8344-75BDF0089EA4}.Debug|Any CPU.Build.0 = Debug|Any CPU
		{99F97592-E4E2-45C9-8344-75BDF0089EA4}.Release|Any CPU.ActiveCfg = Release|Any CPU
		{99F97592-E4E2-45C9-8344-75BDF0089EA4}.Release|Any CPU.Build.0 = Release|Any CPU
		{48E5A1A0-FBB7-4F35-A10F-3F63BD79F871}.Debug|Any CPU.ActiveCfg = Debug|Any CPU
		{48E5A1A0-FBB7-4F35-A10F-3F63BD79F871}.Debug|Any CPU.Build.0 = Debug|Any CPU
		{48E5A1A0-FBB7-4F35-A10F-3F63BD79F871}.Release|Any CPU.ActiveCfg = Release|Any CPU
		{48E5A1A0-FBB7-4F35-A10F-3F63BD79F871}.Release|Any CPU.Build.0 = Release|Any CPU
		{475289B6-6CBB-448A-831D-8E06080A0227}.Debug|Any CPU.ActiveCfg = Debug|Any CPU
		{475289B6-6CBB-448A-831D-8E06080A0227}.Debug|Any CPU.Build.0 = Debug|Any CPU
		{475289B6-6CBB-448A-831D-8E06080A0227}.Release|Any CPU.ActiveCfg = Release|Any CPU
		{475289B6-6CBB-448A-831D-8E06080A0227}.Release|Any CPU.Build.0 = Release|Any CPU
		{2396790A-F485-4A50-AC71-348FC43C168E}.Debug|Any CPU.ActiveCfg = Debug|Any CPU
		{2396790A-F485-4A50-AC71-348FC43C168E}.Debug|Any CPU.Build.0 = Debug|Any CPU
		{2396790A-F485-4A50-AC71-348FC43C168E}.Release|Any CPU.ActiveCfg = Release|Any CPU
		{2396790A-F485-4A50-AC71-348FC43C168E}.Release|Any CPU.Build.0 = Release|Any CPU
		{2EA694C4-65D1-48B8-9DB5-86A6B9D553CD}.Debug|Any CPU.ActiveCfg = Debug|Any CPU
		{2EA694C4-65D1-48B8-9DB5-86A6B9D553CD}.Debug|Any CPU.Build.0 = Debug|Any CPU
		{2EA694C4-65D1-48B8-9DB5-86A6B9D553CD}.Release|Any CPU.ActiveCfg = Release|Any CPU
		{2EA694C4-65D1-48B8-9DB5-86A6B9D553CD}.Release|Any CPU.Build.0 = Release|Any CPU
		{266F4D9F-02A1-4691-A2EB-32CDC7EA3AEB}.Debug|Any CPU.ActiveCfg = Debug|Any CPU
		{266F4D9F-02A1-4691-A2EB-32CDC7EA3AEB}.Debug|Any CPU.Build.0 = Debug|Any CPU
		{266F4D9F-02A1-4691-A2EB-32CDC7EA3AEB}.Release|Any CPU.ActiveCfg = Release|Any CPU
		{266F4D9F-02A1-4691-A2EB-32CDC7EA3AEB}.Release|Any CPU.Build.0 = Release|Any CPU
		{0FAC51D6-A678-439B-B9FE-A4225FB7EB68}.Debug|Any CPU.ActiveCfg = Debug|Any CPU
		{0FAC51D6-A678-439B-B9FE-A4225FB7EB68}.Debug|Any CPU.Build.0 = Debug|Any CPU
		{0FAC51D6-A678-439B-B9FE-A4225FB7EB68}.Release|Any CPU.ActiveCfg = Release|Any CPU
		{0FAC51D6-A678-439B-B9FE-A4225FB7EB68}.Release|Any CPU.Build.0 = Release|Any CPU
		{797A27C1-0CB4-456B-82AE-25371E60A4EA}.Debug|Any CPU.ActiveCfg = Debug|Any CPU
		{797A27C1-0CB4-456B-82AE-25371E60A4EA}.Debug|Any CPU.Build.0 = Debug|Any CPU
		{797A27C1-0CB4-456B-82AE-25371E60A4EA}.Release|Any CPU.ActiveCfg = Release|Any CPU
		{797A27C1-0CB4-456B-82AE-25371E60A4EA}.Release|Any CPU.Build.0 = Release|Any CPU
		{83DB86D3-0CED-443A-98A2-67D3DBDF922E}.Debug|Any CPU.ActiveCfg = Debug|Any CPU
		{83DB86D3-0CED-443A-98A2-67D3DBDF922E}.Debug|Any CPU.Build.0 = Debug|Any CPU
		{83DB86D3-0CED-443A-98A2-67D3DBDF922E}.Release|Any CPU.ActiveCfg = Release|Any CPU
		{83DB86D3-0CED-443A-98A2-67D3DBDF922E}.Release|Any CPU.Build.0 = Release|Any CPU
		{D37DCEB6-0625-445E-8164-936947ECEB55}.Debug|Any CPU.ActiveCfg = Debug|Any CPU
		{D37DCEB6-0625-445E-8164-936947ECEB55}.Debug|Any CPU.Build.0 = Debug|Any CPU
		{D37DCEB6-0625-445E-8164-936947ECEB55}.Release|Any CPU.ActiveCfg = Release|Any CPU
		{D37DCEB6-0625-445E-8164-936947ECEB55}.Release|Any CPU.Build.0 = Release|Any CPU
		{4400F659-6D68-403F-B15A-4871EBB10E74}.Debug|Any CPU.ActiveCfg = Debug|Any CPU
		{4400F659-6D68-403F-B15A-4871EBB10E74}.Debug|Any CPU.Build.0 = Debug|Any CPU
		{4400F659-6D68-403F-B15A-4871EBB10E74}.Release|Any CPU.ActiveCfg = Release|Any CPU
		{4400F659-6D68-403F-B15A-4871EBB10E74}.Release|Any CPU.Build.0 = Release|Any CPU
		{8C217773-70AE-4F4F-A13D-D33153BDE275}.Debug|Any CPU.ActiveCfg = Debug|Any CPU
		{8C217773-70AE-4F4F-A13D-D33153BDE275}.Debug|Any CPU.Build.0 = Debug|Any CPU
		{8C217773-70AE-4F4F-A13D-D33153BDE275}.Release|Any CPU.ActiveCfg = Release|Any CPU
		{8C217773-70AE-4F4F-A13D-D33153BDE275}.Release|Any CPU.Build.0 = Release|Any CPU
	EndGlobalSection
	GlobalSection(SolutionProperties) = preSolution
		HideSolutionNode = FALSE
	EndGlobalSection
	GlobalSection(NestedProjects) = preSolution
		{5E320338-5758-4E3B-86E8-68A2638C8306} = {7638AF42-6386-4DF8-A2BC-77D839A2C7C0}
		{6ECA3284-3B89-4D98-B3BA-30EB27D73B05} = {7638AF42-6386-4DF8-A2BC-77D839A2C7C0}
		{E13AB5A6-642C-4DF9-8416-5FAF4D2B0FA9} = {7638AF42-6386-4DF8-A2BC-77D839A2C7C0}
		{99F97592-E4E2-45C9-8344-75BDF0089EA4} = {7638AF42-6386-4DF8-A2BC-77D839A2C7C0}
		{48E5A1A0-FBB7-4F35-A10F-3F63BD79F871} = {7638AF42-6386-4DF8-A2BC-77D839A2C7C0}
		{475289B6-6CBB-448A-831D-8E06080A0227} = {CC99CEE6-6FA0-4B6B-9C9E-86F08552554E}
		{2396790A-F485-4A50-AC71-348FC43C168E} = {CC99CEE6-6FA0-4B6B-9C9E-86F08552554E}
		{2EA694C4-65D1-48B8-9DB5-86A6B9D553CD} = {5D0DBB39-F7C3-4303-BE07-E634F8B01FCE}
		{266F4D9F-02A1-4691-A2EB-32CDC7EA3AEB} = {7638AF42-6386-4DF8-A2BC-77D839A2C7C0}
		{0FAC51D6-A678-439B-B9FE-A4225FB7EB68} = {7638AF42-6386-4DF8-A2BC-77D839A2C7C0}
		{797A27C1-0CB4-456B-82AE-25371E60A4EA} = {CC99CEE6-6FA0-4B6B-9C9E-86F08552554E}
		{83DB86D3-0CED-443A-98A2-67D3DBDF922E} = {7638AF42-6386-4DF8-A2BC-77D839A2C7C0}
		{D37DCEB6-0625-445E-8164-936947ECEB55} = {7638AF42-6386-4DF8-A2BC-77D839A2C7C0}
		{4400F659-6D68-403F-B15A-4871EBB10E74} = {7638AF42-6386-4DF8-A2BC-77D839A2C7C0}
		{8C217773-70AE-4F4F-A13D-D33153BDE275} = {7638AF42-6386-4DF8-A2BC-77D839A2C7C0}
	EndGlobalSection
EndGlobal
